
Microsoft Visual Studio Solution File, Format Version 12.00
# Visual Studio Version 17
VisualStudioVersion = 17.10.35004.147
MinimumVisualStudioVersion = 10.0.40219.1
Project("{FAE04EC0-301F-11D3-BF4B-00C04F79EFBC}") = "PythonApi", "PythonApi\PythonApi.csproj", "{0A7E39E0-001F-464A-BED1-DC6EAB4E3A0C}"
EndProject
Global
	GlobalSection(SolutionConfigurationPlatforms) = preSolution
		Debug|Any CPU = Debug|Any CPU
		Release|Any CPU = Release|Any CPU
	EndGlobalSection
	GlobalSection(ProjectConfigurationPlatforms) = postSolution
		{0A7E39E0-001F-464A-BED1-DC6EAB4E3A0C}.Debug|Any CPU.ActiveCfg = Debug|Any CPU
		{0A7E39E0-001F-464A-BED1-DC6EAB4E3A0C}.Debug|Any CPU.Build.0 = Debug|Any CPU
		{0A7E39E0-001F-464A-BED1-DC6EAB4E3A0C}.Release|Any CPU.ActiveCfg = Release|Any CPU
		{0A7E39E0-001F-464A-BED1-DC6EAB4E3A0C}.Release|Any CPU.Build.0 = Release|Any CPU
	EndGlobalSection
	GlobalSection(SolutionProperties) = preSolution
		HideSolutionNode = FALSE
	EndGlobalSection
	GlobalSection(ExtensibilityGlobals) = postSolution
		SolutionGuid = {FA8D5134-DC31-43D6-9D5F-C31EA548916E}
	EndGlobalSection
EndGlobal
